
Microsoft Visual Studio Solution File, Format Version 12.00
# Visual Studio 14
VisualStudioVersion = 14.0.25123.0
MinimumVisualStudioVersion = 10.0.40219.1
Project("{2150E333-8FDC-42A3-9474-1A3956D46DE8}") = "Cap07", "Cap07", "{023E6474-656C-4489-AC57-1790CB3D8B23}"
EndProject
Project("{FAE04EC0-301F-11D3-BF4B-00C04F79EFBC}") = "R0701_WinForms", "R0701\R0701_WinForms.csproj", "{3B8D393C-9155-47CE-86B7-DE03282B7E79}"
EndProject
Project("{FAE04EC0-301F-11D3-BF4B-00C04F79EFBC}") = "R0701_Telerik", "R0701_Telerik\R0701_Telerik.csproj", "{F05D4A94-EC55-407D-B880-4049C3E9B0C8}"
EndProject
Project("{FAE04EC0-301F-11D3-BF4B-00C04F79EFBC}") = "R0701_DevExpress", "R0701_DevExpress\R0701_DevExpress.csproj", "{A81D2301-536E-4701-B259-D1AFAFDF0BBA}"
EndProject
Project("{2150E333-8FDC-42A3-9474-1A3956D46DE8}") = "R0702", "R0702", "{5252DFA9-340B-497B-B323-6C738912C0E4}"
EndProject
Project("{FAE04EC0-301F-11D3-BF4B-00C04F79EFBC}") = "R0702_WinForms", "R0702_WinForms\R0702_WinForms.csproj", "{B99A84E1-514E-4B3D-A20B-68EB4B8D91E4}"
EndProject
Project("{2150E333-8FDC-42A3-9474-1A3956D46DE8}") = "R0701", "R0701", "{98AAD2BA-2011-43EC-ADD1-191422C5EB90}"
EndProject
Project("{FAE04EC0-301F-11D3-BF4B-00C04F79EFBC}") = "R0702_Telerik", "R0702_Telerik\R0702_Telerik.csproj", "{C263CDCA-426C-4FBA-856F-5C10A1E1D373}"
EndProject
Project("{FAE04EC0-301F-11D3-BF4B-00C04F79EFBC}") = "R0702_DevExpress", "R0702_DevExpress\R0702_DevExpress.csproj", "{ED3FC622-47C6-4ED0-BE79-0830D5F0E84F}"
EndProject
Project("{2150E333-8FDC-42A3-9474-1A3956D46DE8}") = "R0703", "R0703", "{92DB713C-8B66-4822-B0A6-D97E67C247FF}"
EndProject
Project("{FAE04EC0-301F-11D3-BF4B-00C04F79EFBC}") = "R0703_WinForms", "R0703_WinForms\R0703_WinForms.csproj", "{C89892FB-D2D1-4E0E-B9A2-3ADB42A1A80D}"
EndProject
Project("{FAE04EC0-301F-11D3-BF4B-00C04F79EFBC}") = "R0703_Telerik", "R0703_Telerik\R0703_Telerik.csproj", "{83DE2BBE-3F94-4281-9C0F-CFB0282860F6}"
EndProject
Project("{FAE04EC0-301F-11D3-BF4B-00C04F79EFBC}") = "R0703_DevExpress", "R0703_DevExpress\R0703_DevExpress.csproj", "{9D7FAF66-5707-4221-9D58-222BFE7EF9C2}"
EndProject
Global
	GlobalSection(SolutionConfigurationPlatforms) = preSolution
		Debug|Any CPU = Debug|Any CPU
		Debug|x86 = Debug|x86
		Release|Any CPU = Release|Any CPU
		Release|x86 = Release|x86
	EndGlobalSection
	GlobalSection(ProjectConfigurationPlatforms) = postSolution
		{3B8D393C-9155-47CE-86B7-DE03282B7E79}.Debug|Any CPU.ActiveCfg = Debug|Any CPU
		{3B8D393C-9155-47CE-86B7-DE03282B7E79}.Debug|Any CPU.Build.0 = Debug|Any CPU
		{3B8D393C-9155-47CE-86B7-DE03282B7E79}.Debug|x86.ActiveCfg = Debug|Any CPU
		{3B8D393C-9155-47CE-86B7-DE03282B7E79}.Debug|x86.Build.0 = Debug|Any CPU
		{3B8D393C-9155-47CE-86B7-DE03282B7E79}.Release|Any CPU.ActiveCfg = Release|Any CPU
		{3B8D393C-9155-47CE-86B7-DE03282B7E79}.Release|Any CPU.Build.0 = Release|Any CPU
		{3B8D393C-9155-47CE-86B7-DE03282B7E79}.Release|x86.ActiveCfg = Release|Any CPU
		{3B8D393C-9155-47CE-86B7-DE03282B7E79}.Release|x86.Build.0 = Release|Any CPU
		{F05D4A94-EC55-407D-B880-4049C3E9B0C8}.Debug|Any CPU.ActiveCfg = Debug|x86
		{F05D4A94-EC55-407D-B880-4049C3E9B0C8}.Debug|x86.ActiveCfg = Debug|x86
		{F05D4A94-EC55-407D-B880-4049C3E9B0C8}.Debug|x86.Build.0 = Debug|x86
		{F05D4A94-EC55-407D-B880-4049C3E9B0C8}.Release|Any CPU.ActiveCfg = Release|x86
		{F05D4A94-EC55-407D-B880-4049C3E9B0C8}.Release|x86.ActiveCfg = Release|x86
		{F05D4A94-EC55-407D-B880-4049C3E9B0C8}.Release|x86.Build.0 = Release|x86
		{A81D2301-536E-4701-B259-D1AFAFDF0BBA}.Debug|Any CPU.ActiveCfg = Debug|Any CPU
		{A81D2301-536E-4701-B259-D1AFAFDF0BBA}.Debug|Any CPU.Build.0 = Debug|Any CPU
		{A81D2301-536E-4701-B259-D1AFAFDF0BBA}.Debug|x86.ActiveCfg = Debug|Any CPU
		{A81D2301-536E-4701-B259-D1AFAFDF0BBA}.Debug|x86.Build.0 = Debug|Any CPU
		{A81D2301-536E-4701-B259-D1AFAFDF0BBA}.Release|Any CPU.ActiveCfg = Release|Any CPU
		{A81D2301-536E-4701-B259-D1AFAFDF0BBA}.Release|Any CPU.Build.0 = Release|Any CPU
		{A81D2301-536E-4701-B259-D1AFAFDF0BBA}.Release|x86.ActiveCfg = Release|Any CPU
		{A81D2301-536E-4701-B259-D1AFAFDF0BBA}.Release|x86.Build.0 = Release|Any CPU
		{B99A84E1-514E-4B3D-A20B-68EB4B8D91E4}.Debug|Any CPU.ActiveCfg = Debug|Any CPU
		{B99A84E1-514E-4B3D-A20B-68EB4B8D91E4}.Debug|Any CPU.Build.0 = Debug|Any CPU
		{B99A84E1-514E-4B3D-A20B-68EB4B8D91E4}.Debug|x86.ActiveCfg = Debug|Any CPU
		{B99A84E1-514E-4B3D-A20B-68EB4B8D91E4}.Debug|x86.Build.0 = Debug|Any CPU
		{B99A84E1-514E-4B3D-A20B-68EB4B8D91E4}.Release|Any CPU.ActiveCfg = Release|Any CPU
		{B99A84E1-514E-4B3D-A20B-68EB4B8D91E4}.Release|Any CPU.Build.0 = Release|Any CPU
		{B99A84E1-514E-4B3D-A20B-68EB4B8D91E4}.Release|x86.ActiveCfg = Release|Any CPU
		{B99A84E1-514E-4B3D-A20B-68EB4B8D91E4}.Release|x86.Build.0 = Release|Any CPU
		{C263CDCA-426C-4FBA-856F-5C10A1E1D373}.Debug|Any CPU.ActiveCfg = Debug|x86
		{C263CDCA-426C-4FBA-856F-5C10A1E1D373}.Debug|x86.ActiveCfg = Debug|x86
		{C263CDCA-426C-4FBA-856F-5C10A1E1D373}.Debug|x86.Build.0 = Debug|x86
		{C263CDCA-426C-4FBA-856F-5C10A1E1D373}.Release|Any CPU.ActiveCfg = Release|x86
		{C263CDCA-426C-4FBA-856F-5C10A1E1D373}.Release|x86.ActiveCfg = Release|x86
		{C263CDCA-426C-4FBA-856F-5C10A1E1D373}.Release|x86.Build.0 = Release|x86
		{ED3FC622-47C6-4ED0-BE79-0830D5F0E84F}.Debug|Any CPU.ActiveCfg = Debug|Any CPU
		{ED3FC622-47C6-4ED0-BE79-0830D5F0E84F}.Debug|Any CPU.Build.0 = Debug|Any CPU
		{ED3FC622-47C6-4ED0-BE79-0830D5F0E84F}.Debug|x86.ActiveCfg = Debug|Any CPU
		{ED3FC622-47C6-4ED0-BE79-0830D5F0E84F}.Debug|x86.Build.0 = Debug|Any CPU
		{ED3FC622-47C6-4ED0-BE79-0830D5F0E84F}.Release|Any CPU.ActiveCfg = Release|Any CPU
		{ED3FC622-47C6-4ED0-BE79-0830D5F0E84F}.Release|Any CPU.Build.0 = Release|Any CPU
		{ED3FC622-47C6-4ED0-BE79-0830D5F0E84F}.Release|x86.ActiveCfg = Release|Any CPU
		{ED3FC622-47C6-4ED0-BE79-0830D5F0E84F}.Release|x86.Build.0 = Release|Any CPU
		{C89892FB-D2D1-4E0E-B9A2-3ADB42A1A80D}.Debug|Any CPU.ActiveCfg = Debug|Any CPU
		{C89892FB-D2D1-4E0E-B9A2-3ADB42A1A80D}.Debug|Any CPU.Build.0 = Debug|Any CPU
		{C89892FB-D2D1-4E0E-B9A2-3ADB42A1A80D}.Debug|x86.ActiveCfg = Debug|Any CPU
		{C89892FB-D2D1-4E0E-B9A2-3ADB42A1A80D}.Debug|x86.Build.0 = Debug|Any CPU
		{C89892FB-D2D1-4E0E-B9A2-3ADB42A1A80D}.Release|Any CPU.ActiveCfg = Release|Any CPU
		{C89892FB-D2D1-4E0E-B9A2-3ADB42A1A80D}.Release|Any CPU.Build.0 = Release|Any CPU
		{C89892FB-D2D1-4E0E-B9A2-3ADB42A1A80D}.Release|x86.ActiveCfg = Release|Any CPU
		{C89892FB-D2D1-4E0E-B9A2-3ADB42A1A80D}.Release|x86.Build.0 = Release|Any CPU
		{83DE2BBE-3F94-4281-9C0F-CFB0282860F6}.Debug|Any CPU.ActiveCfg = Debug|x86
		{83DE2BBE-3F94-4281-9C0F-CFB0282860F6}.Debug|x86.ActiveCfg = Debug|x86
		{83DE2BBE-3F94-4281-9C0F-CFB0282860F6}.Debug|x86.Build.0 = Debug|x86
		{83DE2BBE-3F94-4281-9C0F-CFB0282860F6}.Release|Any CPU.ActiveCfg = Release|x86
		{83DE2BBE-3F94-4281-9C0F-CFB0282860F6}.Release|x86.ActiveCfg = Release|x86
		{83DE2BBE-3F94-4281-9C0F-CFB0282860F6}.Release|x86.Build.0 = Release|x86
		{9D7FAF66-5707-4221-9D58-222BFE7EF9C2}.Debug|Any CPU.ActiveCfg = Debug|Any CPU
		{9D7FAF66-5707-4221-9D58-222BFE7EF9C2}.Debug|Any CPU.Build.0 = Debug|Any CPU
		{9D7FAF66-5707-4221-9D58-222BFE7EF9C2}.Debug|x86.ActiveCfg = Debug|Any CPU
		{9D7FAF66-5707-4221-9D58-222BFE7EF9C2}.Debug|x86.Build.0 = Debug|Any CPU
		{9D7FAF66-5707-4221-9D58-222BFE7EF9C2}.Release|Any CPU.ActiveCfg = Release|Any CPU
		{9D7FAF66-5707-4221-9D58-222BFE7EF9C2}.Release|Any CPU.Build.0 = Release|Any CPU
		{9D7FAF66-5707-4221-9D58-222BFE7EF9C2}.Release|x86.ActiveCfg = Release|Any CPU
		{9D7FAF66-5707-4221-9D58-222BFE7EF9C2}.Release|x86.Build.0 = Release|Any CPU
	EndGlobalSection
	GlobalSection(SolutionProperties) = preSolution
		HideSolutionNode = FALSE
	EndGlobalSection
	GlobalSection(NestedProjects) = preSolution
		{3B8D393C-9155-47CE-86B7-DE03282B7E79} = {98AAD2BA-2011-43EC-ADD1-191422C5EB90}
		{F05D4A94-EC55-407D-B880-4049C3E9B0C8} = {98AAD2BA-2011-43EC-ADD1-191422C5EB90}
		{A81D2301-536E-4701-B259-D1AFAFDF0BBA} = {98AAD2BA-2011-43EC-ADD1-191422C5EB90}
		{5252DFA9-340B-497B-B323-6C738912C0E4} = {023E6474-656C-4489-AC57-1790CB3D8B23}
		{B99A84E1-514E-4B3D-A20B-68EB4B8D91E4} = {5252DFA9-340B-497B-B323-6C738912C0E4}
		{98AAD2BA-2011-43EC-ADD1-191422C5EB90} = {023E6474-656C-4489-AC57-1790CB3D8B23}
		{C263CDCA-426C-4FBA-856F-5C10A1E1D373} = {5252DFA9-340B-497B-B323-6C738912C0E4}
		{ED3FC622-47C6-4ED0-BE79-0830D5F0E84F} = {5252DFA9-340B-497B-B323-6C738912C0E4}
		{92DB713C-8B66-4822-B0A6-D97E67C247FF} = {023E6474-656C-4489-AC57-1790CB3D8B23}
		{C89892FB-D2D1-4E0E-B9A2-3ADB42A1A80D} = {92DB713C-8B66-4822-B0A6-D97E67C247FF}
		{83DE2BBE-3F94-4281-9C0F-CFB0282860F6} = {92DB713C-8B66-4822-B0A6-D97E67C247FF}
		{9D7FAF66-5707-4221-9D58-222BFE7EF9C2} = {92DB713C-8B66-4822-B0A6-D97E67C247FF}
	EndGlobalSection
EndGlobal
